// !$*UTF8*$!
{
	archiveVersion = 1;
	classes = {
	};
	objectVersion = 56;
	objects = {

/* Begin PBXBuildFile section */
		111369CD29742116003395D5 /* AppDelegate.swift in Sources */ = {isa = PBXBuildFile; fileRef = 111369CC29742116003395D5 /* AppDelegate.swift */; };
		111369CF29742116003395D5 /* SceneDelegate.swift in Sources */ = {isa = PBXBuildFile; fileRef = 111369CE29742116003395D5 /* SceneDelegate.swift */; };
		111369D629742118003395D5 /* Assets.xcassets in Resources */ = {isa = PBXBuildFile; fileRef = 111369D529742118003395D5 /* Assets.xcassets */; };
		111369D929742118003395D5 /* LaunchScreen.storyboard in Resources */ = {isa = PBXBuildFile; fileRef = 111369D729742118003395D5 /* LaunchScreen.storyboard */; };
		111369E429742118003395D5 /* BankHolidaysViewModelTests.swift in Sources */ = {isa = PBXBuildFile; fileRef = 111369E329742118003395D5 /* BankHolidaysViewModelTests.swift */; };
		111369FE297421C3003395D5 /* BankHolidaysTableViewController.swift in Sources */ = {isa = PBXBuildFile; fileRef = 111369FD297421C3003395D5 /* BankHolidaysTableViewController.swift */; };
		11136A01297422DE003395D5 /* BankHolidaysViewModel.swift in Sources */ = {isa = PBXBuildFile; fileRef = 11136A00297422DE003395D5 /* BankHolidaysViewModel.swift */; };
		11136A052974232D003395D5 /* BankHoliday.swift in Sources */ = {isa = PBXBuildFile; fileRef = 11136A042974232D003395D5 /* BankHoliday.swift */; };
		11136A0729742388003395D5 /* BankHolidaysService.swift in Sources */ = {isa = PBXBuildFile; fileRef = 11136A0629742388003395D5 /* BankHolidaysService.swift */; };
		11136A0D2974436F003395D5 /* HolidayTableViewCell.swift in Sources */ = {isa = PBXBuildFile; fileRef = 11136A0C2974436F003395D5 /* HolidayTableViewCell.swift */; };
/* End PBXBuildFile section */

/* Begin PBXContainerItemProxy section */
		111369E029742118003395D5 /* PBXContainerItemProxy */ = {
			isa = PBXContainerItemProxy;
			containerPortal = 111369C129742116003395D5 /* Project object */;
			proxyType = 1;
			remoteGlobalIDString = 111369C829742116003395D5;
			remoteInfo = UKBankHolidays;
		};
/* End PBXContainerItemProxy section */

/* Begin PBXFileReference section */
		111369C929742116003395D5 /* UKBankHolidays.app */ = {isa = PBXFileReference; explicitFileType = wrapper.application; includeInIndex = 0; path = UKBankHolidays.app; sourceTree = BUILT_PRODUCTS_DIR; };
		111369CC29742116003395D5 /* AppDelegate.swift */ = {isa = PBXFileReference; lastKnownFileType = sourcecode.swift; path = AppDelegate.swift; sourceTree = "<group>"; };
		111369CE29742116003395D5 /* SceneDelegate.swift */ = {isa = PBXFileReference; lastKnownFileType = sourcecode.swift; path = SceneDelegate.swift; sourceTree = "<group>"; };
		111369D529742118003395D5 /* Assets.xcassets */ = {isa = PBXFileReference; lastKnownFileType = folder.assetcatalog; path = Assets.xcassets; sourceTree = "<group>"; };
		111369D829742118003395D5 /* Base */ = {isa = PBXFileReference; lastKnownFileType = file.storyboard; name = Base; path = Base.lproj/LaunchScreen.storyboard; sourceTree = "<group>"; };
		111369DA29742118003395D5 /* Info.plist */ = {isa = PBXFileReference; lastKnownFileType = text.plist.xml; path = Info.plist; sourceTree = "<group>"; };
		111369DF29742118003395D5 /* UKBankHolidaysTests.xctest */ = {isa = PBXFileReference; explicitFileType = wrapper.cfbundle; includeInIndex = 0; path = UKBankHolidaysTests.xctest; sourceTree = BUILT_PRODUCTS_DIR; };
		111369E329742118003395D5 /* BankHolidaysViewModelTests.swift */ = {isa = PBXFileReference; lastKnownFileType = sourcecode.swift; path = BankHolidaysViewModelTests.swift; sourceTree = "<group>"; };
		111369FD297421C3003395D5 /* BankHolidaysTableViewController.swift */ = {isa = PBXFileReference; lastKnownFileType = sourcecode.swift; path = BankHolidaysTableViewController.swift; sourceTree = "<group>"; };
		11136A00297422DE003395D5 /* BankHolidaysViewModel.swift */ = {isa = PBXFileReference; lastKnownFileType = sourcecode.swift; path = BankHolidaysViewModel.swift; sourceTree = "<group>"; };
		11136A042974232D003395D5 /* BankHoliday.swift */ = {isa = PBXFileReference; lastKnownFileType = sourcecode.swift; path = BankHoliday.swift; sourceTree = "<group>"; };
		11136A0629742388003395D5 /* BankHolidaysService.swift */ = {isa = PBXFileReference; lastKnownFileType = sourcecode.swift; path = BankHolidaysService.swift; sourceTree = "<group>"; };
		11136A0C2974436F003395D5 /* HolidayTableViewCell.swift */ = {isa = PBXFileReference; lastKnownFileType = sourcecode.swift; path = HolidayTableViewCell.swift; sourceTree = "<group>"; };
/* End PBXFileReference section */

/* Begin PBXFrameworksBuildPhase section */
		111369C629742116003395D5 /* Frameworks */ = {
			isa = PBXFrameworksBuildPhase;
			buildActionMask = 2147483647;
			files = (
			);
			runOnlyForDeploymentPostprocessing = 0;
		};
		111369DC29742118003395D5 /* Frameworks */ = {
			isa = PBXFrameworksBuildPhase;
			buildActionMask = 2147483647;
			files = (
			);
			runOnlyForDeploymentPostprocessing = 0;
		};
/* End PBXFrameworksBuildPhase section */

/* Begin PBXGroup section */
		111369C029742116003395D5 = {
			isa = PBXGroup;
			children = (
				111369CB29742116003395D5 /* UKBankHolidays */,
				111369E229742118003395D5 /* UKBankHolidaysTests */,
				111369CA29742116003395D5 /* Products */,
			);
			sourceTree = "<group>";
		};
		111369CA29742116003395D5 /* Products */ = {
			isa = PBXGroup;
			children = (
				111369C929742116003395D5 /* UKBankHolidays.app */,
				111369DF29742118003395D5 /* UKBankHolidaysTests.xctest */,
			);
			name = Products;
			sourceTree = "<group>";
		};
		111369CB29742116003395D5 /* UKBankHolidays */ = {
			isa = PBXGroup;
			children = (
				11136A022974230F003395D5 /* Service */,
				111369FF297422BE003395D5 /* ViewModels */,
				111369FC29742193003395D5 /* Views */,
				111369CC29742116003395D5 /* AppDelegate.swift */,
				111369CE29742116003395D5 /* SceneDelegate.swift */,
				111369D529742118003395D5 /* Assets.xcassets */,
				111369D729742118003395D5 /* LaunchScreen.storyboard */,
				111369DA29742118003395D5 /* Info.plist */,
			);
			path = UKBankHolidays;
			sourceTree = "<group>";
		};
		111369E229742118003395D5 /* UKBankHolidaysTests */ = {
			isa = PBXGroup;
			children = (
				111369E329742118003395D5 /* BankHolidaysViewModelTests.swift */,
			);
			path = UKBankHolidaysTests;
			sourceTree = "<group>";
		};
		111369FC29742193003395D5 /* Views */ = {
			isa = PBXGroup;
			children = (
				11136A0B2974432B003395D5 /* Cell */,
				111369FD297421C3003395D5 /* BankHolidaysTableViewController.swift */,
			);
			path = Views;
			sourceTree = "<group>";
		};
		111369FF297422BE003395D5 /* ViewModels */ = {
			isa = PBXGroup;
			children = (
				11136A00297422DE003395D5 /* BankHolidaysViewModel.swift */,
			);
			path = ViewModels;
			sourceTree = "<group>";
		};
		11136A022974230F003395D5 /* Service */ = {
			isa = PBXGroup;
			children = (
				11136A0329742317003395D5 /* Models */,
				11136A0629742388003395D5 /* BankHolidaysService.swift */,
			);
			path = Service;
			sourceTree = "<group>";
		};
		11136A0329742317003395D5 /* Models */ = {
			isa = PBXGroup;
			children = (
				11136A042974232D003395D5 /* BankHoliday.swift */,
			);
			path = Models;
			sourceTree = "<group>";
		};
		11136A0B2974432B003395D5 /* Cell */ = {
			isa = PBXGroup;
			children = (
				11136A0C2974436F003395D5 /* HolidayTableViewCell.swift */,
			);
			path = Cell;
			sourceTree = "<group>";
		};
/* End PBXGroup section */

/* Begin PBXNativeTarget section */
		111369C829742116003395D5 /* UKBankHolidays */ = {
			isa = PBXNativeTarget;
			buildConfigurationList = 111369F329742118003395D5 /* Build configuration list for PBXNativeTarget "UKBankHolidays" */;
			buildPhases = (
				111369C529742116003395D5 /* Sources */,
				111369C629742116003395D5 /* Frameworks */,
				111369C729742116003395D5 /* Resources */,
			);
			buildRules = (
			);
			dependencies = (
			);
			name = UKBankHolidays;
			productName = UKBankHolidays;
			productReference = 111369C929742116003395D5 /* UKBankHolidays.app */;
			productType = "com.apple.product-type.application";
		};
		111369DE29742118003395D5 /* UKBankHolidaysTests */ = {
			isa = PBXNativeTarget;
			buildConfigurationList = 111369F629742118003395D5 /* Build configuration list for PBXNativeTarget "UKBankHolidaysTests" */;
			buildPhases = (
				111369DB29742118003395D5 /* Sources */,
				111369DC29742118003395D5 /* Frameworks */,
				111369DD29742118003395D5 /* Resources */,
			);
			buildRules = (
			);
			dependencies = (
				111369E129742118003395D5 /* PBXTargetDependency */,
			);
			name = UKBankHolidaysTests;
			productName = UKBankHolidaysTests;
			productReference = 111369DF29742118003395D5 /* UKBankHolidaysTests.xctest */;
			productType = "com.apple.product-type.bundle.unit-test";
		};
/* End PBXNativeTarget section */

/* Begin PBXProject section */
		111369C129742116003395D5 /* Project object */ = {
			isa = PBXProject;
			attributes = {
				BuildIndependentTargetsInParallel = 1;
				LastSwiftUpdateCheck = 1420;
				LastUpgradeCheck = 1420;
				TargetAttributes = {
					111369C829742116003395D5 = {
						CreatedOnToolsVersion = 14.2;
					};
					111369DE29742118003395D5 = {
						CreatedOnToolsVersion = 14.2;
						TestTargetID = 111369C829742116003395D5;
					};
				};
			};
			buildConfigurationList = 111369C429742116003395D5 /* Build configuration list for PBXProject "UKBankHolidays" */;
			compatibilityVersion = "Xcode 14.0";
			developmentRegion = en;
			hasScannedForEncodings = 0;
			knownRegions = (
				en,
				Base,
			);
			mainGroup = 111369C029742116003395D5;
			productRefGroup = 111369CA29742116003395D5 /* Products */;
			projectDirPath = "";
			projectRoot = "";
			targets = (
				111369C829742116003395D5 /* UKBankHolidays */,
				111369DE29742118003395D5 /* UKBankHolidaysTests */,
			);
		};
/* End PBXProject section */

/* Begin PBXResourcesBuildPhase section */
		111369C729742116003395D5 /* Resources */ = {
			isa = PBXResourcesBuildPhase;
			buildActionMask = 2147483647;
			files = (
				111369D929742118003395D5 /* LaunchScreen.storyboard in Resources */,
				111369D629742118003395D5 /* Assets.xcassets in Resources */,
			);
			runOnlyForDeploymentPostprocessing = 0;
		};
		111369DD29742118003395D5 /* Resources */ = {
			isa = PBXResourcesBuildPhase;
			buildActionMask = 2147483647;
			files = (
			);
			runOnlyForDeploymentPostprocessing = 0;
		};
/* End PBXResourcesBuildPhase section */

/* Begin PBXSourcesBuildPhase section */
		111369C529742116003395D5 /* Sources */ = {
			isa = PBXSourcesBuildPhase;
			buildActionMask = 2147483647;
			files = (
				11136A0729742388003395D5 /* BankHolidaysService.swift in Sources */,
				111369FE297421C3003395D5 /* BankHolidaysTableViewController.swift in Sources */,
				111369CD29742116003395D5 /* AppDelegate.swift in Sources */,
				11136A0D2974436F003395D5 /* HolidayTableViewCell.swift in Sources */,
				111369CF29742116003395D5 /* SceneDelegate.swift in Sources */,
				11136A01297422DE003395D5 /* BankHolidaysViewModel.swift in Sources */,
				11136A052974232D003395D5 /* BankHoliday.swift in Sources */,
			);
			runOnlyForDeploymentPostprocessing = 0;
		};
		111369DB29742118003395D5 /* Sources */ = {
			isa = PBXSourcesBuildPhase;
			buildActionMask = 2147483647;
			files = (
				111369E429742118003395D5 /* BankHolidaysViewModelTests.swift in Sources */,
			);
			runOnlyForDeploymentPostprocessing = 0;
		};
/* End PBXSourcesBuildPhase section */

/* Begin PBXTargetDependency section */
		111369E129742118003395D5 /* PBXTargetDependency */ = {
			isa = PBXTargetDependency;
			target = 111369C829742116003395D5 /* UKBankHolidays */;
			targetProxy = 111369E029742118003395D5 /* PBXContainerItemProxy */;
		};
/* End PBXTargetDependency section */

/* Begin PBXVariantGroup section */
		111369D729742118003395D5 /* LaunchScreen.storyboard */ = {
			isa = PBXVariantGroup;
			children = (
				111369D829742118003395D5 /* Base */,
			);
			name = LaunchScreen.storyboard;
			sourceTree = "<group>";
		};
/* End PBXVariantGroup section */

/* Begin XCBuildConfiguration section */
		111369F129742118003395D5 /* Debug */ = {
			isa = XCBuildConfiguration;
			buildSettings = {
				ALWAYS_SEARCH_USER_PATHS = NO;
				CLANG_ANALYZER_NONNULL = YES;
				CLANG_ANALYZER_NUMBER_OBJECT_CONVERSION = YES_AGGRESSIVE;
				CLANG_CXX_LANGUAGE_STANDARD = "gnu++20";
				CLANG_ENABLE_MODULES = YES;
				CLANG_ENABLE_OBJC_ARC = YES;
				CLANG_ENABLE_OBJC_WEAK = YES;
				CLANG_WARN_BLOCK_CAPTURE_AUTORELEASING = YES;
				CLANG_WARN_BOOL_CONVERSION = YES;
				CLANG_WARN_COMMA = YES;
				CLANG_WARN_CONSTANT_CONVERSION = YES;
				CLANG_WARN_DEPRECATED_OBJC_IMPLEMENTATIONS = YES;
				CLANG_WARN_DIRECT_OBJC_ISA_USAGE = YES_ERROR;
				CLANG_WARN_DOCUMENTATION_COMMENTS = YES;
				CLANG_WARN_EMPTY_BODY = YES;
				CLANG_WARN_ENUM_CONVERSION = YES;
				CLANG_WARN_INFINITE_RECURSION = YES;
				CLANG_WARN_INT_CONVERSION = YES;
				CLANG_WARN_NON_LITERAL_NULL_CONVERSION = YES;
				CLANG_WARN_OBJC_IMPLICIT_RETAIN_SELF = YES;
				CLANG_WARN_OBJC_LITERAL_CONVERSION = YES;
				CLANG_WARN_OBJC_ROOT_CLASS = YES_ERROR;
				CLANG_WARN_QUOTED_INCLUDE_IN_FRAMEWORK_HEADER = YES;
				CLANG_WARN_RANGE_LOOP_ANALYSIS = YES;
				CLANG_WARN_STRICT_PROTOTYPES = YES;
				CLANG_WARN_SUSPICIOUS_MOVE = YES;
				CLANG_WARN_UNGUARDED_AVAILABILITY = YES_AGGRESSIVE;
				CLANG_WARN_UNREACHABLE_CODE = YES;
				CLANG_WARN__DUPLICATE_METHOD_MATCH = YES;
				COPY_PHASE_STRIP = NO;
				DEBUG_INFORMATION_FORMAT = dwarf;
				ENABLE_STRICT_OBJC_MSGSEND = YES;
				ENABLE_TESTABILITY = YES;
				GCC_C_LANGUAGE_STANDARD = gnu11;
				GCC_DYNAMIC_NO_PIC = NO;
				GCC_NO_COMMON_BLOCKS = YES;
				GCC_OPTIMIZATION_LEVEL = 0;
				GCC_PREPROCESSOR_DEFINITIONS = (
					"DEBUG=1",
					"$(inherited)",
				);
				GCC_WARN_64_TO_32_BIT_CONVERSION = YES;
				GCC_WARN_ABOUT_RETURN_TYPE = YES_ERROR;
				GCC_WARN_UNDECLARED_SELECTOR = YES;
				GCC_WARN_UNINITIALIZED_AUTOS = YES_AGGRESSIVE;
				GCC_WARN_UNUSED_FUNCTION = YES;
				GCC_WARN_UNUSED_VARIABLE = YES;
				IPHONEOS_DEPLOYMENT_TARGET = 16.2;
				MTL_ENABLE_DEBUG_INFO = INCLUDE_SOURCE;
				MTL_FAST_MATH = YES;
				ONLY_ACTIVE_ARCH = YES;
				SDKROOT = iphoneos;
				SWIFT_ACTIVE_COMPILATION_CONDITIONS = DEBUG;
				SWIFT_OPTIMIZATION_LEVEL = "-Onone";
			};
			name = Debug;
		};
		111369F229742118003395D5 /* Release */ = {
			isa = XCBuildConfiguration;
			buildSettings = {
				ALWAYS_SEARCH_USER_PATHS = NO;
				CLANG_ANALYZER_NONNULL = YES;
				CLANG_ANALYZER_NUMBER_OBJECT_CONVERSION = YES_AGGRESSIVE;
				CLANG_CXX_LANGUAGE_STANDARD = "gnu++20";
				CLANG_ENABLE_MODULES = YES;
				CLANG_ENABLE_OBJC_ARC = YES;
				CLANG_ENABLE_OBJC_WEAK = YES;
				CLANG_WARN_BLOCK_CAPTURE_AUTORELEASING = YES;
				CLANG_WARN_BOOL_CONVERSION = YES;
				CLANG_WARN_COMMA = YES;
				CLANG_WARN_CONSTANT_CONVERSION = YES;
				CLANG_WARN_DEPRECATED_OBJC_IMPLEMENTATIONS = YES;
				CLANG_WARN_DIRECT_OBJC_ISA_USAGE = YES_ERROR;
				CLANG_WARN_DOCUMENTATION_COMMENTS = YES;
				CLANG_WARN_EMPTY_BODY = YES;
				CLANG_WARN_ENUM_CONVERSION = YES;
				CLANG_WARN_INFINITE_RECURSION = YES;
				CLANG_WARN_INT_CONVERSION = YES;
				CLANG_WARN_NON_LITERAL_NULL_CONVERSION = YES;
				CLANG_WARN_OBJC_IMPLICIT_RETAIN_SELF = YES;
				CLANG_WARN_OBJC_LITERAL_CONVERSION = YES;
				CLANG_WARN_OBJC_ROOT_CLASS = YES_ERROR;
				CLANG_WARN_QUOTED_INCLUDE_IN_FRAMEWORK_HEADER = YES;
				CLANG_WARN_RANGE_LOOP_ANALYSIS = YES;
				CLANG_WARN_STRICT_PROTOTYPES = YES;
				CLANG_WARN_SUSPICIOUS_MOVE = YES;
				CLANG_WARN_UNGUARDED_AVAILABILITY = YES_AGGRESSIVE;
				CLANG_WARN_UNREACHABLE_CODE = YES;
				CLANG_WARN__DUPLICATE_METHOD_MATCH = YES;
				COPY_PHASE_STRIP = NO;
				DEBUG_INFORMATION_FORMAT = "dwarf-with-dsym";
				ENABLE_NS_ASSERTIONS = NO;
				ENABLE_STRICT_OBJC_MSGSEND = YES;
				GCC_C_LANGUAGE_STANDARD = gnu11;
				GCC_NO_COMMON_BLOCKS = YES;
				GCC_WARN_64_TO_32_BIT_CONVERSION = YES;
				GCC_WARN_ABOUT_RETURN_TYPE = YES_ERROR;
				GCC_WARN_UNDECLARED_SELECTOR = YES;
				GCC_WARN_UNINITIALIZED_AUTOS = YES_AGGRESSIVE;
				GCC_WARN_UNUSED_FUNCTION = YES;
				GCC_WARN_UNUSED_VARIABLE = YES;
				IPHONEOS_DEPLOYMENT_TARGET = 16.2;
				MTL_ENABLE_DEBUG_INFO = NO;
				MTL_FAST_MATH = YES;
				SDKROOT = iphoneos;
				SWIFT_COMPILATION_MODE = wholemodule;
				SWIFT_OPTIMIZATION_LEVEL = "-O";
				VALIDATE_PRODUCT = YES;
			};
			name = Release;
		};
		111369F429742118003395D5 /* Debug */ = {
			isa = XCBuildConfiguration;
			buildSettings = {
				ASSETCATALOG_COMPILER_APPICON_NAME = AppIcon;
				ASSETCATALOG_COMPILER_GLOBAL_ACCENT_COLOR_NAME = AccentColor;
				CODE_SIGN_STYLE = Automatic;
				CURRENT_PROJECT_VERSION = 1;
				DEVELOPMENT_TEAM = G28XQH8SA5;
				GENERATE_INFOPLIST_FILE = YES;
				INFOPLIST_FILE = UKBankHolidays/Info.plist;
				INFOPLIST_KEY_CFBundleDisplayName = "UK Bank Holidays";
				INFOPLIST_KEY_UIApplicationSupportsIndirectInputEvents = YES;
				INFOPLIST_KEY_UILaunchStoryboardName = LaunchScreen;
				INFOPLIST_KEY_UIStatusBarStyle = "";
				INFOPLIST_KEY_UISupportedInterfaceOrientations = UIInterfaceOrientationPortrait;
				LD_RUNPATH_SEARCH_PATHS = (
					"$(inherited)",
					"@executable_path/Frameworks",
				);
				MARKETING_VERSION = 1.0;
				PRODUCT_BUNDLE_IDENTIFIER = br.com.iosbr.holidays.UKBankHolidays;
				PRODUCT_NAME = "$(TARGET_NAME)";
				SWIFT_EMIT_LOC_STRINGS = YES;
				SWIFT_VERSION = 5.0;
				TARGETED_DEVICE_FAMILY = "1,2";
			};
			name = Debug;
		};
		111369F529742118003395D5 /* Release */ = {
			isa = XCBuildConfiguration;
			buildSettings = {
				ASSETCATALOG_COMPILER_APPICON_NAME = AppIcon;
				ASSETCATALOG_COMPILER_GLOBAL_ACCENT_COLOR_NAME = AccentColor;
				CODE_SIGN_STYLE = Automatic;
				CURRENT_PROJECT_VERSION = 1;
				DEVELOPMENT_TEAM = G28XQH8SA5;
				GENERATE_INFOPLIST_FILE = YES;
				INFOPLIST_FILE = UKBankHolidays/Info.plist;
				INFOPLIST_KEY_CFBundleDisplayName = "UK Bank Holidays";
				INFOPLIST_KEY_UIApplicationSupportsIndirectInputEvents = YES;
				INFOPLIST_KEY_UILaunchStoryboardName = LaunchScreen;
				INFOPLIST_KEY_UIStatusBarStyle = "";
				INFOPLIST_KEY_UISupportedInterfaceOrientations = UIInterfaceOrientationPortrait;
				LD_RUNPATH_SEARCH_PATHS = (
					"$(inherited)",
					"@executable_path/Frameworks",
				);
				MARKETING_VERSION = 1.0;
				PRODUCT_BUNDLE_IDENTIFIER = br.com.iosbr.holidays.UKBankHolidays;
				PRODUCT_NAME = "$(TARGET_NAME)";
				SWIFT_EMIT_LOC_STRINGS = YES;
				SWIFT_VERSION = 5.0;
				TARGETED_DEVICE_FAMILY = "1,2";
			};
			name = Release;
		};
		111369F729742118003395D5 /* Debug */ = {
			isa = XCBuildConfiguration;
			buildSettings = {
				ALWAYS_EMBED_SWIFT_STANDARD_LIBRARIES = YES;
				BUNDLE_LOADER = "$(TEST_HOST)";
				CODE_SIGN_STYLE = Automatic;
				CURRENT_PROJECT_VERSION = 1;
				DEVELOPMENT_TEAM = G28XQH8SA5;
				GENERATE_INFOPLIST_FILE = YES;
				IPHONEOS_DEPLOYMENT_TARGET = 16.2;
				MARKETING_VERSION = 1.0;
				PRODUCT_BUNDLE_IDENTIFIER = br.com.iosbr.holidays.UKBankHolidaysTests;
				PRODUCT_NAME = "$(TARGET_NAME)";
				SWIFT_EMIT_LOC_STRINGS = NO;
				SWIFT_VERSION = 5.0;
				TARGETED_DEVICE_FAMILY = "1,2";
				TEST_HOST = "$(BUILT_PRODUCTS_DIR)/UKBankHolidays.app/$(BUNDLE_EXECUTABLE_FOLDER_PATH)/UKBankHolidays";
			};
			name = Debug;
		};
		111369F829742118003395D5 /* Release */ = {
			isa = XCBuildConfiguration;
			buildSettings = {
				ALWAYS_EMBED_SWIFT_STANDARD_LIBRARIES = YES;
				BUNDLE_LOADER = "$(TEST_HOST)";
				CODE_SIGN_STYLE = Automatic;
				CURRENT_PROJECT_VERSION = 1;
				DEVELOPMENT_TEAM = G28XQH8SA5;
				GENERATE_INFOPLIST_FILE = YES;
				IPHONEOS_DEPLOYMENT_TARGET = 16.2;
				MARKETING_VERSION = 1.0;
				PRODUCT_BUNDLE_IDENTIFIER = br.com.iosbr.holidays.UKBankHolidaysTests;
				PRODUCT_NAME = "$(TARGET_NAME)";
				SWIFT_EMIT_LOC_STRINGS = NO;
				SWIFT_VERSION = 5.0;
				TARGETED_DEVICE_FAMILY = "1,2";
				TEST_HOST = "$(BUILT_PRODUCTS_DIR)/UKBankHolidays.app/$(BUNDLE_EXECUTABLE_FOLDER_PATH)/UKBankHolidays";
			};
			name = Release;
		};
/* End XCBuildConfiguration section */

/* Begin XCConfigurationList section */
		111369C429742116003395D5 /* Build configuration list for PBXProject "UKBankHolidays" */ = {
			isa = XCConfigurationList;
			buildConfigurations = (
				111369F129742118003395D5 /* Debug */,
				111369F229742118003395D5 /* Release */,
			);
			defaultConfigurationIsVisible = 0;
			defaultConfigurationName = Release;
		};
		111369F329742118003395D5 /* Build configuration list for PBXNativeTarget "UKBankHolidays" */ = {
			isa = XCConfigurationList;
			buildConfigurations = (
				111369F429742118003395D5 /* Debug */,
				111369F529742118003395D5 /* Release */,
			);
			defaultConfigurationIsVisible = 0;
			defaultConfigurationName = Release;
		};
		111369F629742118003395D5 /* Build configuration list for PBXNativeTarget "UKBankHolidaysTests" */ = {
			isa = XCConfigurationList;
			buildConfigurations = (
				111369F729742118003395D5 /* Debug */,
				111369F829742118003395D5 /* Release */,
			);
			defaultConfigurationIsVisible = 0;
			defaultConfigurationName = Release;
		};
/* End XCConfigurationList section */
	};
	rootObject = 111369C129742116003395D5 /* Project object */;
}
